
Microsoft Visual Studio Solution File, Format Version 12.00
# Visual Studio Version 16
VisualStudioVersion = 16.0.31410.357
MinimumVisualStudioVersion = 10.0.40219.1
Project("{8BC9CEB8-8B4A-11D0-8D11-00A0C91BC942}") = "线性表_顺序表_链表", "线性表_顺序表_链表\线性表_顺序表_链表.vcxproj", "{5399E15F-1709-4D9B-878D-3954496A1BA4}"
EndProject
Global
	GlobalSection(SolutionConfigurationPlatforms) = preSolution
		Debug|x64 = Debug|x64
		Debug|x86 = Debug|x86
		Release|x64 = Release|x64
		Release|x86 = Release|x86
	EndGlobalSection
	GlobalSection(ProjectConfigurationPlatforms) = postSolution
		{5399E15F-1709-4D9B-878D-3954496A1BA4}.Debug|x64.ActiveCfg = Debug|x64
		{5399E15F-1709-4D9B-878D-3954496A1BA4}.Debug|x64.Build.0 = Debug|x64
		{5399E15F-1709-4D9B-878D-3954496A1BA4}.Debug|x86.ActiveCfg = Debug|Win32
		{5399E15F-1709-4D9B-878D-3954496A1BA4}.Debug|x86.Build.0 = Debug|Win32
		{5399E15F-1709-4D9B-878D-3954496A1BA4}.Release|x64.ActiveCfg = Release|x64
		{5399E15F-1709-4D9B-878D-3954496A1BA4}.Release|x64.Build.0 = Release|x64
		{5399E15F-1709-4D9B-878D-3954496A1BA4}.Release|x86.ActiveCfg = Release|Win32
		{5399E15F-1709-4D9B-878D-3954496A1BA4}.Release|x86.Build.0 = Release|Win32
	EndGlobalSection
	GlobalSection(SolutionProperties) = preSolution
		HideSolutionNode = FALSE
	EndGlobalSection
	GlobalSection(ExtensibilityGlobals) = postSolution
		SolutionGuid = {E5CC9FBC-3940-4B2F-B0F9-67D4A59AE86C}
	EndGlobalSection
EndGlobal
